// !$*UTF8*$!
{
	archiveVersion = 1;
	classes = {
	};
	objectVersion = 50;
	objects = {

/* Begin PBXBuildFile section */
		00C4F0C327183164D6BB9A2A /* libPods-CardAppearanceTests.a in Frameworks */ = {isa = PBXBuildFile; fileRef = 27EA78DE5234A71979E75BA9 /* libPods-CardAppearanceTests.a */; };
		8C07FBC42494DE4100E97F94 /* CardTypeTests.swift in Sources */ = {isa = PBXBuildFile; fileRef = 8C07FBC32494DE4100E97F94 /* CardTypeTests.swift */; };
		8C07FBC62494E08000E97F94 /* CardType.swift in Sources */ = {isa = PBXBuildFile; fileRef = 8C07FBC52494E08000E97F94 /* CardType.swift */; };
		8C1E0B07246CCE2B005E5C95 /* AppDelegate.swift in Sources */ = {isa = PBXBuildFile; fileRef = 8C1E0B06246CCE2B005E5C95 /* AppDelegate.swift */; };
		8C1E0B09246CCE2B005E5C95 /* SceneDelegate.swift in Sources */ = {isa = PBXBuildFile; fileRef = 8C1E0B08246CCE2B005E5C95 /* SceneDelegate.swift */; };
		8C1E0B0B246CCE2B005E5C95 /* MagicViewController.swift in Sources */ = {isa = PBXBuildFile; fileRef = 8C1E0B0A246CCE2B005E5C95 /* MagicViewController.swift */; };
		8C1E0B10246CCE2E005E5C95 /* Assets.xcassets in Resources */ = {isa = PBXBuildFile; fileRef = 8C1E0B0F246CCE2E005E5C95 /* Assets.xcassets */; };
		8C1E0B13246CCE2E005E5C95 /* LaunchScreen.storyboard in Resources */ = {isa = PBXBuildFile; fileRef = 8C1E0B11246CCE2E005E5C95 /* LaunchScreen.storyboard */; };
		8C1E0B1E246CCE2E005E5C95 /* MagicViewControllerTests.swift in Sources */ = {isa = PBXBuildFile; fileRef = 8C1E0B1D246CCE2E005E5C95 /* MagicViewControllerTests.swift */; };
		8C1E0B29246CCFCF005E5C95 /* MagicViewModel.swift in Sources */ = {isa = PBXBuildFile; fileRef = 8C1E0B28246CCFCF005E5C95 /* MagicViewModel.swift */; };
		8C1E0B2B246CCFDF005E5C95 /* MagicViewModelInterface.swift in Sources */ = {isa = PBXBuildFile; fileRef = 8C1E0B2A246CCFDF005E5C95 /* MagicViewModelInterface.swift */; };
		8C1E0B2D246CD1DC005E5C95 /* MagicViewModelMock.swift in Sources */ = {isa = PBXBuildFile; fileRef = 8C1E0B2C246CD1DC005E5C95 /* MagicViewModelMock.swift */; };
		8C29E98F24954CC200FCD778 /* CreateSecondsTimerUseCaseTests.swift in Sources */ = {isa = PBXBuildFile; fileRef = 8C29E98E24954CC200FCD778 /* CreateSecondsTimerUseCaseTests.swift */; };
		8C29E99224954D2500FCD778 /* CreateSecondsTimerUseCase.swift in Sources */ = {isa = PBXBuildFile; fileRef = 8C29E99124954D2500FCD778 /* CreateSecondsTimerUseCase.swift */; };
		8C37DB55249E7DFE00618085 /* UIView+Extension.swift in Sources */ = {isa = PBXBuildFile; fileRef = 8C37DB54249E7DFE00618085 /* UIView+Extension.swift */; };
		8C66F8D124C2355C00520C73 /* MagicScreenTypeViewControllerTests.swift in Sources */ = {isa = PBXBuildFile; fileRef = 8C66F8D024C2355C00520C73 /* MagicScreenTypeViewControllerTests.swift */; };
		8C66F8D324C2370300520C73 /* MagicScreenTypeViewController.swift in Sources */ = {isa = PBXBuildFile; fileRef = 8C66F8D224C2370300520C73 /* MagicScreenTypeViewController.swift */; };
		8C9C0AF0249609AD00B3C194 /* CreateSecondsUseCaseStub.swift in Sources */ = {isa = PBXBuildFile; fileRef = 8C9C0AEF249609AD00B3C194 /* CreateSecondsUseCaseStub.swift */; };
		8C9C0AF224961A4500B3C194 /* SuitType.swift in Sources */ = {isa = PBXBuildFile; fileRef = 8C9C0AF124961A4500B3C194 /* SuitType.swift */; };
		8CA89ED124842B4C004993DA /* MagicViewModelTests.swift in Sources */ = {isa = PBXBuildFile; fileRef = 8CA89ED024842B4C004993DA /* MagicViewModelTests.swift */; };
		8CA9C3BB24F8414400E13733 /* RootCoordinatorTests.swift in Sources */ = {isa = PBXBuildFile; fileRef = 8CA9C3BA24F8414400E13733 /* RootCoordinatorTests.swift */; };
		8CA9C3BE24F844CD00E13733 /* RootCoordinator.swift in Sources */ = {isa = PBXBuildFile; fileRef = 8CA9C3BD24F844CD00E13733 /* RootCoordinator.swift */; };
		8CA9C3C024F845EE00E13733 /* Router.swift in Sources */ = {isa = PBXBuildFile; fileRef = 8CA9C3BF24F845EE00E13733 /* Router.swift */; };
		8CA9C3C224F8461200E13733 /* Coordinator.swift in Sources */ = {isa = PBXBuildFile; fileRef = 8CA9C3C124F8461200E13733 /* Coordinator.swift */; };
		8CA9C3C424F847B400E13733 /* AppDelegateRouterTests.swift in Sources */ = {isa = PBXBuildFile; fileRef = 8CA9C3C324F847B400E13733 /* AppDelegateRouterTests.swift */; };
		8CAFBD8C246E09C90044BCE5 /* BatteryView.swift in Sources */ = {isa = PBXBuildFile; fileRef = 8CAFBD8B246E09C90044BCE5 /* BatteryView.swift */; };
		B49377AB41EF4C800A0F76BC /* libPods-CardAppearance.a in Frameworks */ = {isa = PBXBuildFile; fileRef = D9E48D0B62151406DA24CA1C /* libPods-CardAppearance.a */; };
/* End PBXBuildFile section */

/* Begin PBXContainerItemProxy section */
		8C1E0B1A246CCE2E005E5C95 /* PBXContainerItemProxy */ = {
			isa = PBXContainerItemProxy;
			containerPortal = 8C1E0AFB246CCE2B005E5C95 /* Project object */;
			proxyType = 1;
			remoteGlobalIDString = 8C1E0B02246CCE2B005E5C95;
			remoteInfo = CardAppearance;
		};
/* End PBXContainerItemProxy section */

/* Begin PBXFileReference section */
		27EA78DE5234A71979E75BA9 /* libPods-CardAppearanceTests.a */ = {isa = PBXFileReference; explicitFileType = archive.ar; includeInIndex = 0; path = "libPods-CardAppearanceTests.a"; sourceTree = BUILT_PRODUCTS_DIR; };
		27F16AE2A2EDEC773EFB8B63 /* Pods-CardAppearance.debug.xcconfig */ = {isa = PBXFileReference; includeInIndex = 1; lastKnownFileType = text.xcconfig; name = "Pods-CardAppearance.debug.xcconfig"; path = "Target Support Files/Pods-CardAppearance/Pods-CardAppearance.debug.xcconfig"; sourceTree = "<group>"; };
		45670D925B1232CB877C3177 /* Pods-CardAppearanceTests.debug.xcconfig */ = {isa = PBXFileReference; includeInIndex = 1; lastKnownFileType = text.xcconfig; name = "Pods-CardAppearanceTests.debug.xcconfig"; path = "Target Support Files/Pods-CardAppearanceTests/Pods-CardAppearanceTests.debug.xcconfig"; sourceTree = "<group>"; };
		6F93F123B3FEBE3AC6C064EB /* Pods-CardAppearance.release.xcconfig */ = {isa = PBXFileReference; includeInIndex = 1; lastKnownFileType = text.xcconfig; name = "Pods-CardAppearance.release.xcconfig"; path = "Target Support Files/Pods-CardAppearance/Pods-CardAppearance.release.xcconfig"; sourceTree = "<group>"; };
		8C07FBC32494DE4100E97F94 /* CardTypeTests.swift */ = {isa = PBXFileReference; lastKnownFileType = sourcecode.swift; path = CardTypeTests.swift; sourceTree = "<group>"; };
		8C07FBC52494E08000E97F94 /* CardType.swift */ = {isa = PBXFileReference; lastKnownFileType = sourcecode.swift; path = CardType.swift; sourceTree = "<group>"; };
		8C1B4BC7249669B70083696F /* RxBlocking.framework */ = {isa = PBXFileReference; explicitFileType = wrapper.framework; path = RxBlocking.framework; sourceTree = BUILT_PRODUCTS_DIR; };
		8C1B4BC9249669B70083696F /* RxCocoa.framework */ = {isa = PBXFileReference; explicitFileType = wrapper.framework; path = RxCocoa.framework; sourceTree = BUILT_PRODUCTS_DIR; };
		8C1B4BCB249669B70083696F /* RxRelay.framework */ = {isa = PBXFileReference; explicitFileType = wrapper.framework; path = RxRelay.framework; sourceTree = BUILT_PRODUCTS_DIR; };
		8C1B4BCD249669B70083696F /* RxSwift.framework */ = {isa = PBXFileReference; explicitFileType = wrapper.framework; path = RxSwift.framework; sourceTree = BUILT_PRODUCTS_DIR; };
		8C1B4BCF249669B70083696F /* RxTest.framework */ = {isa = PBXFileReference; explicitFileType = wrapper.framework; path = RxTest.framework; sourceTree = BUILT_PRODUCTS_DIR; };
		8C1E0B03246CCE2B005E5C95 /* CardAppearance.app */ = {isa = PBXFileReference; explicitFileType = wrapper.application; includeInIndex = 0; path = CardAppearance.app; sourceTree = BUILT_PRODUCTS_DIR; };
		8C1E0B06246CCE2B005E5C95 /* AppDelegate.swift */ = {isa = PBXFileReference; lastKnownFileType = sourcecode.swift; path = AppDelegate.swift; sourceTree = "<group>"; };
		8C1E0B08246CCE2B005E5C95 /* SceneDelegate.swift */ = {isa = PBXFileReference; lastKnownFileType = sourcecode.swift; path = SceneDelegate.swift; sourceTree = "<group>"; };
		8C1E0B0A246CCE2B005E5C95 /* MagicViewController.swift */ = {isa = PBXFileReference; lastKnownFileType = sourcecode.swift; path = MagicViewController.swift; sourceTree = "<group>"; };
		8C1E0B0F246CCE2E005E5C95 /* Assets.xcassets */ = {isa = PBXFileReference; lastKnownFileType = folder.assetcatalog; path = Assets.xcassets; sourceTree = "<group>"; };
		8C1E0B12246CCE2E005E5C95 /* Base */ = {isa = PBXFileReference; lastKnownFileType = file.storyboard; name = Base; path = Base.lproj/LaunchScreen.storyboard; sourceTree = "<group>"; };
		8C1E0B14246CCE2E005E5C95 /* Info.plist */ = {isa = PBXFileReference; lastKnownFileType = text.plist.xml; path = Info.plist; sourceTree = "<group>"; };
		8C1E0B19246CCE2E005E5C95 /* CardAppearanceTests.xctest */ = {isa = PBXFileReference; explicitFileType = wrapper.cfbundle; includeInIndex = 0; path = CardAppearanceTests.xctest; sourceTree = BUILT_PRODUCTS_DIR; };
		8C1E0B1D246CCE2E005E5C95 /* MagicViewControllerTests.swift */ = {isa = PBXFileReference; lastKnownFileType = sourcecode.swift; path = MagicViewControllerTests.swift; sourceTree = "<group>"; };
		8C1E0B1F246CCE2E005E5C95 /* Info.plist */ = {isa = PBXFileReference; lastKnownFileType = text.plist.xml; path = Info.plist; sourceTree = "<group>"; };
		8C1E0B28246CCFCF005E5C95 /* MagicViewModel.swift */ = {isa = PBXFileReference; lastKnownFileType = sourcecode.swift; path = MagicViewModel.swift; sourceTree = "<group>"; };
		8C1E0B2A246CCFDF005E5C95 /* MagicViewModelInterface.swift */ = {isa = PBXFileReference; lastKnownFileType = sourcecode.swift; path = MagicViewModelInterface.swift; sourceTree = "<group>"; };
		8C1E0B2C246CD1DC005E5C95 /* MagicViewModelMock.swift */ = {isa = PBXFileReference; lastKnownFileType = sourcecode.swift; path = MagicViewModelMock.swift; sourceTree = "<group>"; };
		8C29E98E24954CC200FCD778 /* CreateSecondsTimerUseCaseTests.swift */ = {isa = PBXFileReference; lastKnownFileType = sourcecode.swift; path = CreateSecondsTimerUseCaseTests.swift; sourceTree = "<group>"; };
		8C29E99124954D2500FCD778 /* CreateSecondsTimerUseCase.swift */ = {isa = PBXFileReference; lastKnownFileType = sourcecode.swift; path = CreateSecondsTimerUseCase.swift; sourceTree = "<group>"; };
		8C37DB54249E7DFE00618085 /* UIView+Extension.swift */ = {isa = PBXFileReference; lastKnownFileType = sourcecode.swift; path = "UIView+Extension.swift"; sourceTree = "<group>"; };
		8C66F8D024C2355C00520C73 /* MagicScreenTypeViewControllerTests.swift */ = {isa = PBXFileReference; lastKnownFileType = sourcecode.swift; path = MagicScreenTypeViewControllerTests.swift; sourceTree = "<group>"; };
		8C66F8D224C2370300520C73 /* MagicScreenTypeViewController.swift */ = {isa = PBXFileReference; lastKnownFileType = sourcecode.swift; path = MagicScreenTypeViewController.swift; sourceTree = "<group>"; };
		8C9C0AEF249609AD00B3C194 /* CreateSecondsUseCaseStub.swift */ = {isa = PBXFileReference; lastKnownFileType = sourcecode.swift; path = CreateSecondsUseCaseStub.swift; sourceTree = "<group>"; };
		8C9C0AF124961A4500B3C194 /* SuitType.swift */ = {isa = PBXFileReference; lastKnownFileType = sourcecode.swift; path = SuitType.swift; sourceTree = "<group>"; };
		8CA89ED024842B4C004993DA /* MagicViewModelTests.swift */ = {isa = PBXFileReference; lastKnownFileType = sourcecode.swift; path = MagicViewModelTests.swift; sourceTree = "<group>"; };
		8CA9C3BA24F8414400E13733 /* RootCoordinatorTests.swift */ = {isa = PBXFileReference; lastKnownFileType = sourcecode.swift; path = RootCoordinatorTests.swift; sourceTree = "<group>"; };
		8CA9C3BD24F844CD00E13733 /* RootCoordinator.swift */ = {isa = PBXFileReference; lastKnownFileType = sourcecode.swift; path = RootCoordinator.swift; sourceTree = "<group>"; };
		8CA9C3BF24F845EE00E13733 /* Router.swift */ = {isa = PBXFileReference; lastKnownFileType = sourcecode.swift; path = Router.swift; sourceTree = "<group>"; };
		8CA9C3C124F8461200E13733 /* Coordinator.swift */ = {isa = PBXFileReference; lastKnownFileType = sourcecode.swift; path = Coordinator.swift; sourceTree = "<group>"; };
		8CA9C3C324F847B400E13733 /* AppDelegateRouterTests.swift */ = {isa = PBXFileReference; lastKnownFileType = sourcecode.swift; path = AppDelegateRouterTests.swift; sourceTree = "<group>"; };
		8CAFBD8B246E09C90044BCE5 /* BatteryView.swift */ = {isa = PBXFileReference; lastKnownFileType = sourcecode.swift; path = BatteryView.swift; sourceTree = "<group>"; };
		D9E48D0B62151406DA24CA1C /* libPods-CardAppearance.a */ = {isa = PBXFileReference; explicitFileType = archive.ar; includeInIndex = 0; path = "libPods-CardAppearance.a"; sourceTree = BUILT_PRODUCTS_DIR; };
		EA140E8AC8757143D48A2677 /* Pods-CardAppearanceTests.release.xcconfig */ = {isa = PBXFileReference; includeInIndex = 1; lastKnownFileType = text.xcconfig; name = "Pods-CardAppearanceTests.release.xcconfig"; path = "Target Support Files/Pods-CardAppearanceTests/Pods-CardAppearanceTests.release.xcconfig"; sourceTree = "<group>"; };
/* End PBXFileReference section */

/* Begin PBXFrameworksBuildPhase section */
		8C1E0B00246CCE2B005E5C95 /* Frameworks */ = {
			isa = PBXFrameworksBuildPhase;
			buildActionMask = 2147483647;
			files = (
				B49377AB41EF4C800A0F76BC /* libPods-CardAppearance.a in Frameworks */,
			);
			runOnlyForDeploymentPostprocessing = 0;
		};
		8C1E0B16246CCE2E005E5C95 /* Frameworks */ = {
			isa = PBXFrameworksBuildPhase;
			buildActionMask = 2147483647;
			files = (
				00C4F0C327183164D6BB9A2A /* libPods-CardAppearanceTests.a in Frameworks */,
			);
			runOnlyForDeploymentPostprocessing = 0;
		};
/* End PBXFrameworksBuildPhase section */

/* Begin PBXGroup section */
		8C07FBBB2494DD2800E97F94 /* Scene & App Delegate */ = {
			isa = PBXGroup;
			children = (
				8C1E0B06246CCE2B005E5C95 /* AppDelegate.swift */,
				8C1E0B08246CCE2B005E5C95 /* SceneDelegate.swift */,
			);
			path = "Scene & App Delegate";
			sourceTree = "<group>";
		};
		8C07FBBC2494DD3700E97F94 /* Controllers */ = {
			isa = PBXGroup;
			children = (
				8C1E0B0A246CCE2B005E5C95 /* MagicViewController.swift */,
				8C66F8D224C2370300520C73 /* MagicScreenTypeViewController.swift */,
			);
			path = Controllers;
			sourceTree = "<group>";
		};
		8C07FBBD2494DD5400E97F94 /* Views */ = {
			isa = PBXGroup;
			children = (
				8CAFBD8B246E09C90044BCE5 /* BatteryView.swift */,
			);
			path = Views;
			sourceTree = "<group>";
		};
		8C07FBBE2494DD5C00E97F94 /* Models */ = {
			isa = PBXGroup;
			children = (
				8C07FBC52494E08000E97F94 /* CardType.swift */,
				8C9C0AF124961A4500B3C194 /* SuitType.swift */,
			);
			path = Models;
			sourceTree = "<group>";
		};
		8C07FBBF2494DD6C00E97F94 /* View Models */ = {
			isa = PBXGroup;
			children = (
				8C1E0B2A246CCFDF005E5C95 /* MagicViewModelInterface.swift */,
				8C1E0B28246CCFCF005E5C95 /* MagicViewModel.swift */,
			);
			path = "View Models";
			sourceTree = "<group>";
		};
		8C07FBC02494DDAE00E97F94 /* Models */ = {
			isa = PBXGroup;
			children = (
				8C07FBC32494DE4100E97F94 /* CardTypeTests.swift */,
			);
			path = Models;
			sourceTree = "<group>";
		};
		8C07FBC12494DDB300E97F94 /* View Models */ = {
			isa = PBXGroup;
			children = (
				8CA89ED024842B4C004993DA /* MagicViewModelTests.swift */,
				8C9C0AEF249609AD00B3C194 /* CreateSecondsUseCaseStub.swift */,
			);
			path = "View Models";
			sourceTree = "<group>";
		};
		8C07FBC22494DDB900E97F94 /* Controllers */ = {
			isa = PBXGroup;
			children = (
				8C1E0B2C246CD1DC005E5C95 /* MagicViewModelMock.swift */,
				8C1E0B1D246CCE2E005E5C95 /* MagicViewControllerTests.swift */,
				8C66F8D024C2355C00520C73 /* MagicScreenTypeViewControllerTests.swift */,
			);
			path = Controllers;
			sourceTree = "<group>";
		};
		8C1E0AFA246CCE2B005E5C95 = {
			isa = PBXGroup;
			children = (
				8C1E0B05246CCE2B005E5C95 /* CardAppearance */,
				8C1E0B1C246CCE2E005E5C95 /* CardAppearanceTests */,
				8C1E0B04246CCE2B005E5C95 /* Products */,
				8C29E99324954DD600FCD778 /* Frameworks */,
				EF2C6E8994230F5AA53A5EA0 /* Pods */,
			);
			sourceTree = "<group>";
		};
		8C1E0B04246CCE2B005E5C95 /* Products */ = {
			isa = PBXGroup;
			children = (
				8C1E0B03246CCE2B005E5C95 /* CardAppearance.app */,
				8C1E0B19246CCE2E005E5C95 /* CardAppearanceTests.xctest */,
			);
			name = Products;
			sourceTree = "<group>";
		};
		8C1E0B05246CCE2B005E5C95 /* CardAppearance */ = {
			isa = PBXGroup;
			children = (
				8CA9C3BC24F844BF00E13733 /* Coordinator */,
				8C07FBBB2494DD2800E97F94 /* Scene & App Delegate */,
				8C07FBBE2494DD5C00E97F94 /* Models */,
				8C29E99024954D0A00FCD778 /* Use Cases */,
				8C07FBBF2494DD6C00E97F94 /* View Models */,
				8C07FBBC2494DD3700E97F94 /* Controllers */,
				8C07FBBD2494DD5400E97F94 /* Views */,
				8C37DB53249E7DE500618085 /* Extensions */,
				8C1E0B0F246CCE2E005E5C95 /* Assets.xcassets */,
				8C1E0B11246CCE2E005E5C95 /* LaunchScreen.storyboard */,
				8C1E0B14246CCE2E005E5C95 /* Info.plist */,
			);
			path = CardAppearance;
			sourceTree = "<group>";
		};
		8C1E0B1C246CCE2E005E5C95 /* CardAppearanceTests */ = {
			isa = PBXGroup;
			children = (
				8CA9C3B924F8413100E13733 /* Coordinator */,
				8C07FBC02494DDAE00E97F94 /* Models */,
				8C29E98D24954CAA00FCD778 /* Use Cases */,
				8C07FBC12494DDB300E97F94 /* View Models */,
				8C07FBC22494DDB900E97F94 /* Controllers */,
				8C1E0B1F246CCE2E005E5C95 /* Info.plist */,
			);
			path = CardAppearanceTests;
			sourceTree = "<group>";
		};
		8C29E98D24954CAA00FCD778 /* Use Cases */ = {
			isa = PBXGroup;
			children = (
				8C29E98E24954CC200FCD778 /* CreateSecondsTimerUseCaseTests.swift */,
			);
			path = "Use Cases";
			sourceTree = "<group>";
		};
		8C29E99024954D0A00FCD778 /* Use Cases */ = {
			isa = PBXGroup;
			children = (
				8C29E99124954D2500FCD778 /* CreateSecondsTimerUseCase.swift */,
			);
			path = "Use Cases";
			sourceTree = "<group>";
		};
		8C29E99324954DD600FCD778 /* Frameworks */ = {
			isa = PBXGroup;
			children = (
				8C1B4BC7249669B70083696F /* RxBlocking.framework */,
				8C1B4BC9249669B70083696F /* RxCocoa.framework */,
				8C1B4BCB249669B70083696F /* RxRelay.framework */,
				8C1B4BCD249669B70083696F /* RxSwift.framework */,
				8C1B4BCF249669B70083696F /* RxTest.framework */,
				D9E48D0B62151406DA24CA1C /* libPods-CardAppearance.a */,
				27EA78DE5234A71979E75BA9 /* libPods-CardAppearanceTests.a */,
			);
			name = Frameworks;
			sourceTree = "<group>";
		};
		8C37DB53249E7DE500618085 /* Extensions */ = {
			isa = PBXGroup;
			children = (
				8C37DB54249E7DFE00618085 /* UIView+Extension.swift */,
			);
			path = Extensions;
			sourceTree = "<group>";
		};
		8CA9C3B924F8413100E13733 /* Coordinator */ = {
			isa = PBXGroup;
			children = (
				8CA9C3BA24F8414400E13733 /* RootCoordinatorTests.swift */,
				8CA9C3C324F847B400E13733 /* AppDelegateRouterTests.swift */,
			);
			path = Coordinator;
			sourceTree = "<group>";
		};
		8CA9C3BC24F844BF00E13733 /* Coordinator */ = {
			isa = PBXGroup;
			children = (
				8CA9C3BD24F844CD00E13733 /* RootCoordinator.swift */,
				8CA9C3BF24F845EE00E13733 /* Router.swift */,
				8CA9C3C124F8461200E13733 /* Coordinator.swift */,
			);
			path = Coordinator;
			sourceTree = "<group>";
		};
		EF2C6E8994230F5AA53A5EA0 /* Pods */ = {
			isa = PBXGroup;
			children = (
				27F16AE2A2EDEC773EFB8B63 /* Pods-CardAppearance.debug.xcconfig */,
				6F93F123B3FEBE3AC6C064EB /* Pods-CardAppearance.release.xcconfig */,
				45670D925B1232CB877C3177 /* Pods-CardAppearanceTests.debug.xcconfig */,
				EA140E8AC8757143D48A2677 /* Pods-CardAppearanceTests.release.xcconfig */,
			);
			path = Pods;
			sourceTree = "<group>";
		};
/* End PBXGroup section */

/* Begin PBXNativeTarget section */
		8C1E0B02246CCE2B005E5C95 /* CardAppearance */ = {
			isa = PBXNativeTarget;
			buildConfigurationList = 8C1E0B22246CCE2E005E5C95 /* Build configuration list for PBXNativeTarget "CardAppearance" */;
			buildPhases = (
				A7659595BCC030D938ED88D9 /* [CP] Check Pods Manifest.lock */,
				8C1E0AFF246CCE2B005E5C95 /* Sources */,
				8C1E0B00246CCE2B005E5C95 /* Frameworks */,
				8C1E0B01246CCE2B005E5C95 /* Resources */,
			);
			buildRules = (
			);
			dependencies = (
			);
			name = CardAppearance;
			productName = CardAppearance;
			productReference = 8C1E0B03246CCE2B005E5C95 /* CardAppearance.app */;
			productType = "com.apple.product-type.application";
		};
		8C1E0B18246CCE2E005E5C95 /* CardAppearanceTests */ = {
			isa = PBXNativeTarget;
			buildConfigurationList = 8C1E0B25246CCE2E005E5C95 /* Build configuration list for PBXNativeTarget "CardAppearanceTests" */;
			buildPhases = (
				206D8511FD54D0EB2E34EE14 /* [CP] Check Pods Manifest.lock */,
				8C1E0B15246CCE2E005E5C95 /* Sources */,
				8C1E0B16246CCE2E005E5C95 /* Frameworks */,
				8C1E0B17246CCE2E005E5C95 /* Resources */,
			);
			buildRules = (
			);
			dependencies = (
				8C1E0B1B246CCE2E005E5C95 /* PBXTargetDependency */,
			);
			name = CardAppearanceTests;
			productName = CardAppearanceTests;
			productReference = 8C1E0B19246CCE2E005E5C95 /* CardAppearanceTests.xctest */;
			productType = "com.apple.product-type.bundle.unit-test";
		};
/* End PBXNativeTarget section */

/* Begin PBXProject section */
		8C1E0AFB246CCE2B005E5C95 /* Project object */ = {
			isa = PBXProject;
			attributes = {
				LastSwiftUpdateCheck = 1140;
				LastUpgradeCheck = 1140;
				ORGANIZATIONNAME = "Omar Bassyouni";
				TargetAttributes = {
					8C1E0B02246CCE2B005E5C95 = {
						CreatedOnToolsVersion = 11.4.1;
					};
					8C1E0B18246CCE2E005E5C95 = {
						CreatedOnToolsVersion = 11.4.1;
						TestTargetID = 8C1E0B02246CCE2B005E5C95;
					};
				};
			};
			buildConfigurationList = 8C1E0AFE246CCE2B005E5C95 /* Build configuration list for PBXProject "CardAppearance" */;
			compatibilityVersion = "Xcode 9.3";
			developmentRegion = en;
			hasScannedForEncodings = 0;
			knownRegions = (
				en,
				Base,
			);
			mainGroup = 8C1E0AFA246CCE2B005E5C95;
			productRefGroup = 8C1E0B04246CCE2B005E5C95 /* Products */;
			projectDirPath = "";
			projectRoot = "";
			targets = (
				8C1E0B02246CCE2B005E5C95 /* CardAppearance */,
				8C1E0B18246CCE2E005E5C95 /* CardAppearanceTests */,
			);
		};
/* End PBXProject section */

/* Begin PBXResourcesBuildPhase section */
		8C1E0B01246CCE2B005E5C95 /* Resources */ = {
			isa = PBXResourcesBuildPhase;
			buildActionMask = 2147483647;
			files = (
				8C1E0B13246CCE2E005E5C95 /* LaunchScreen.storyboard in Resources */,
				8C1E0B10246CCE2E005E5C95 /* Assets.xcassets in Resources */,
			);
			runOnlyForDeploymentPostprocessing = 0;
		};
		8C1E0B17246CCE2E005E5C95 /* Resources */ = {
			isa = PBXResourcesBuildPhase;
			buildActionMask = 2147483647;
			files = (
			);
			runOnlyForDeploymentPostprocessing = 0;
		};
/* End PBXResourcesBuildPhase section */

/* Begin PBXShellScriptBuildPhase section */
		206D8511FD54D0EB2E34EE14 /* [CP] Check Pods Manifest.lock */ = {
			isa = PBXShellScriptBuildPhase;
			buildActionMask = 2147483647;
			files = (
			);
			inputFileListPaths = (
			);
			inputPaths = (
				"${PODS_PODFILE_DIR_PATH}/Podfile.lock",
				"${PODS_ROOT}/Manifest.lock",
			);
			name = "[CP] Check Pods Manifest.lock";
			outputFileListPaths = (
			);
			outputPaths = (
				"$(DERIVED_FILE_DIR)/Pods-CardAppearanceTests-checkManifestLockResult.txt",
			);
			runOnlyForDeploymentPostprocessing = 0;
			shellPath = /bin/sh;
			shellScript = "diff \"${PODS_PODFILE_DIR_PATH}/Podfile.lock\" \"${PODS_ROOT}/Manifest.lock\" > /dev/null\nif [ $? != 0 ] ; then\n    # print error to STDERR\n    echo \"error: The sandbox is not in sync with the Podfile.lock. Run 'pod install' or update your CocoaPods installation.\" >&2\n    exit 1\nfi\n# This output is used by Xcode 'outputs' to avoid re-running this script phase.\necho \"SUCCESS\" > \"${SCRIPT_OUTPUT_FILE_0}\"\n";
			showEnvVarsInLog = 0;
		};
		A7659595BCC030D938ED88D9 /* [CP] Check Pods Manifest.lock */ = {
			isa = PBXShellScriptBuildPhase;
			buildActionMask = 2147483647;
			files = (
			);
			inputFileListPaths = (
			);
			inputPaths = (
				"${PODS_PODFILE_DIR_PATH}/Podfile.lock",
				"${PODS_ROOT}/Manifest.lock",
			);
			name = "[CP] Check Pods Manifest.lock";
			outputFileListPaths = (
			);
			outputPaths = (
				"$(DERIVED_FILE_DIR)/Pods-CardAppearance-checkManifestLockResult.txt",
			);
			runOnlyForDeploymentPostprocessing = 0;
			shellPath = /bin/sh;
			shellScript = "diff \"${PODS_PODFILE_DIR_PATH}/Podfile.lock\" \"${PODS_ROOT}/Manifest.lock\" > /dev/null\nif [ $? != 0 ] ; then\n    # print error to STDERR\n    echo \"error: The sandbox is not in sync with the Podfile.lock. Run 'pod install' or update your CocoaPods installation.\" >&2\n    exit 1\nfi\n# This output is used by Xcode 'outputs' to avoid re-running this script phase.\necho \"SUCCESS\" > \"${SCRIPT_OUTPUT_FILE_0}\"\n";
			showEnvVarsInLog = 0;
		};
/* End PBXShellScriptBuildPhase section */

/* Begin PBXSourcesBuildPhase section */
		8C1E0AFF246CCE2B005E5C95 /* Sources */ = {
			isa = PBXSourcesBuildPhase;
			buildActionMask = 2147483647;
			files = (
				8CAFBD8C246E09C90044BCE5 /* BatteryView.swift in Sources */,
				8C1E0B29246CCFCF005E5C95 /* MagicViewModel.swift in Sources */,
				8C1E0B2B246CCFDF005E5C95 /* MagicViewModelInterface.swift in Sources */,
				8C07FBC62494E08000E97F94 /* CardType.swift in Sources */,
				8CA9C3BE24F844CD00E13733 /* RootCoordinator.swift in Sources */,
				8C66F8D324C2370300520C73 /* MagicScreenTypeViewController.swift in Sources */,
				8CA9C3C224F8461200E13733 /* Coordinator.swift in Sources */,
				8C1E0B0B246CCE2B005E5C95 /* MagicViewController.swift in Sources */,
				8C1E0B07246CCE2B005E5C95 /* AppDelegate.swift in Sources */,
				8C9C0AF224961A4500B3C194 /* SuitType.swift in Sources */,
				8C1E0B09246CCE2B005E5C95 /* SceneDelegate.swift in Sources */,
				8C37DB55249E7DFE00618085 /* UIView+Extension.swift in Sources */,
				8C29E99224954D2500FCD778 /* CreateSecondsTimerUseCase.swift in Sources */,
				8CA9C3C024F845EE00E13733 /* Router.swift in Sources */,
			);
			runOnlyForDeploymentPostprocessing = 0;
		};
		8C1E0B15246CCE2E005E5C95 /* Sources */ = {
			isa = PBXSourcesBuildPhase;
			buildActionMask = 2147483647;
			files = (
				8CA9C3C424F847B400E13733 /* AppDelegateRouterTests.swift in Sources */,
				8CA9C3BB24F8414400E13733 /* RootCoordinatorTests.swift in Sources */,
				8C1E0B2D246CD1DC005E5C95 /* MagicViewModelMock.swift in Sources */,
				8C29E98F24954CC200FCD778 /* CreateSecondsTimerUseCaseTests.swift in Sources */,
				8C07FBC42494DE4100E97F94 /* CardTypeTests.swift in Sources */,
				8CA89ED124842B4C004993DA /* MagicViewModelTests.swift in Sources */,
				8C1E0B1E246CCE2E005E5C95 /* MagicViewControllerTests.swift in Sources */,
				8C66F8D124C2355C00520C73 /* MagicScreenTypeViewControllerTests.swift in Sources */,
				8C9C0AF0249609AD00B3C194 /* CreateSecondsUseCaseStub.swift in Sources */,
			);
			runOnlyForDeploymentPostprocessing = 0;
		};
/* End PBXSourcesBuildPhase section */

/* Begin PBXTargetDependency section */
		8C1E0B1B246CCE2E005E5C95 /* PBXTargetDependency */ = {
			isa = PBXTargetDependency;
			target = 8C1E0B02246CCE2B005E5C95 /* CardAppearance */;
			targetProxy = 8C1E0B1A246CCE2E005E5C95 /* PBXContainerItemProxy */;
		};
/* End PBXTargetDependency section */

/* Begin PBXVariantGroup section */
		8C1E0B11246CCE2E005E5C95 /* LaunchScreen.storyboard */ = {
			isa = PBXVariantGroup;
			children = (
				8C1E0B12246CCE2E005E5C95 /* Base */,
			);
			name = LaunchScreen.storyboard;
			sourceTree = "<group>";
		};
/* End PBXVariantGroup section */

/* Begin XCBuildConfiguration section */
		8C1E0B20246CCE2E005E5C95 /* Debug */ = {
			isa = XCBuildConfiguration;
			buildSettings = {
				ALWAYS_SEARCH_USER_PATHS = NO;
				CLANG_ANALYZER_NONNULL = YES;
				CLANG_ANALYZER_NUMBER_OBJECT_CONVERSION = YES_AGGRESSIVE;
				CLANG_CXX_LANGUAGE_STANDARD = "gnu++14";
				CLANG_CXX_LIBRARY = "libc++";
				CLANG_ENABLE_MODULES = YES;
				CLANG_ENABLE_OBJC_ARC = YES;
				CLANG_ENABLE_OBJC_WEAK = YES;
				CLANG_WARN_BLOCK_CAPTURE_AUTORELEASING = YES;
				CLANG_WARN_BOOL_CONVERSION = YES;
				CLANG_WARN_COMMA = YES;
				CLANG_WARN_CONSTANT_CONVERSION = YES;
				CLANG_WARN_DEPRECATED_OBJC_IMPLEMENTATIONS = YES;
				CLANG_WARN_DIRECT_OBJC_ISA_USAGE = YES_ERROR;
				CLANG_WARN_DOCUMENTATION_COMMENTS = YES;
				CLANG_WARN_EMPTY_BODY = YES;
				CLANG_WARN_ENUM_CONVERSION = YES;
				CLANG_WARN_INFINITE_RECURSION = YES;
				CLANG_WARN_INT_CONVERSION = YES;
				CLANG_WARN_NON_LITERAL_NULL_CONVERSION = YES;
				CLANG_WARN_OBJC_IMPLICIT_RETAIN_SELF = YES;
				CLANG_WARN_OBJC_LITERAL_CONVERSION = YES;
				CLANG_WARN_OBJC_ROOT_CLASS = YES_ERROR;
				CLANG_WARN_RANGE_LOOP_ANALYSIS = YES;
				CLANG_WARN_STRICT_PROTOTYPES = YES;
				CLANG_WARN_SUSPICIOUS_MOVE = YES;
				CLANG_WARN_UNGUARDED_AVAILABILITY = YES_AGGRESSIVE;
				CLANG_WARN_UNREACHABLE_CODE = YES;
				CLANG_WARN__DUPLICATE_METHOD_MATCH = YES;
				COPY_PHASE_STRIP = NO;
				DEBUG_INFORMATION_FORMAT = dwarf;
				ENABLE_STRICT_OBJC_MSGSEND = YES;
				ENABLE_TESTABILITY = YES;
				GCC_C_LANGUAGE_STANDARD = gnu11;
				GCC_DYNAMIC_NO_PIC = NO;
				GCC_NO_COMMON_BLOCKS = YES;
				GCC_OPTIMIZATION_LEVEL = 0;
				GCC_PREPROCESSOR_DEFINITIONS = (
					"DEBUG=1",
					"$(inherited)",
				);
				GCC_WARN_64_TO_32_BIT_CONVERSION = YES;
				GCC_WARN_ABOUT_RETURN_TYPE = YES_ERROR;
				GCC_WARN_UNDECLARED_SELECTOR = YES;
				GCC_WARN_UNINITIALIZED_AUTOS = YES_AGGRESSIVE;
				GCC_WARN_UNUSED_FUNCTION = YES;
				GCC_WARN_UNUSED_VARIABLE = YES;
				IPHONEOS_DEPLOYMENT_TARGET = 13.4;
				MTL_ENABLE_DEBUG_INFO = INCLUDE_SOURCE;
				MTL_FAST_MATH = YES;
				ONLY_ACTIVE_ARCH = YES;
				SDKROOT = iphoneos;
				SWIFT_ACTIVE_COMPILATION_CONDITIONS = DEBUG;
				SWIFT_OPTIMIZATION_LEVEL = "-Onone";
			};
			name = Debug;
		};
		8C1E0B21246CCE2E005E5C95 /* Release */ = {
			isa = XCBuildConfiguration;
			buildSettings = {
				ALWAYS_SEARCH_USER_PATHS = NO;
				CLANG_ANALYZER_NONNULL = YES;
				CLANG_ANALYZER_NUMBER_OBJECT_CONVERSION = YES_AGGRESSIVE;
				CLANG_CXX_LANGUAGE_STANDARD = "gnu++14";
				CLANG_CXX_LIBRARY = "libc++";
				CLANG_ENABLE_MODULES = YES;
				CLANG_ENABLE_OBJC_ARC = YES;
				CLANG_ENABLE_OBJC_WEAK = YES;
				CLANG_WARN_BLOCK_CAPTURE_AUTORELEASING = YES;
				CLANG_WARN_BOOL_CONVERSION = YES;
				CLANG_WARN_COMMA = YES;
				CLANG_WARN_CONSTANT_CONVERSION = YES;
				CLANG_WARN_DEPRECATED_OBJC_IMPLEMENTATIONS = YES;
				CLANG_WARN_DIRECT_OBJC_ISA_USAGE = YES_ERROR;
				CLANG_WARN_DOCUMENTATION_COMMENTS = YES;
				CLANG_WARN_EMPTY_BODY = YES;
				CLANG_WARN_ENUM_CONVERSION = YES;
				CLANG_WARN_INFINITE_RECURSION = YES;
				CLANG_WARN_INT_CONVERSION = YES;
				CLANG_WARN_NON_LITERAL_NULL_CONVERSION = YES;
				CLANG_WARN_OBJC_IMPLICIT_RETAIN_SELF = YES;
				CLANG_WARN_OBJC_LITERAL_CONVERSION = YES;
				CLANG_WARN_OBJC_ROOT_CLASS = YES_ERROR;
				CLANG_WARN_RANGE_LOOP_ANALYSIS = YES;
				CLANG_WARN_STRICT_PROTOTYPES = YES;
				CLANG_WARN_SUSPICIOUS_MOVE = YES;
				CLANG_WARN_UNGUARDED_AVAILABILITY = YES_AGGRESSIVE;
				CLANG_WARN_UNREACHABLE_CODE = YES;
				CLANG_WARN__DUPLICATE_METHOD_MATCH = YES;
				COPY_PHASE_STRIP = NO;
				DEBUG_INFORMATION_FORMAT = "dwarf-with-dsym";
				ENABLE_NS_ASSERTIONS = NO;
				ENABLE_STRICT_OBJC_MSGSEND = YES;
				GCC_C_LANGUAGE_STANDARD = gnu11;
				GCC_NO_COMMON_BLOCKS = YES;
				GCC_WARN_64_TO_32_BIT_CONVERSION = YES;
				GCC_WARN_ABOUT_RETURN_TYPE = YES_ERROR;
				GCC_WARN_UNDECLARED_SELECTOR = YES;
				GCC_WARN_UNINITIALIZED_AUTOS = YES_AGGRESSIVE;
				GCC_WARN_UNUSED_FUNCTION = YES;
				GCC_WARN_UNUSED_VARIABLE = YES;
				IPHONEOS_DEPLOYMENT_TARGET = 13.4;
				MTL_ENABLE_DEBUG_INFO = NO;
				MTL_FAST_MATH = YES;
				SDKROOT = iphoneos;
				SWIFT_COMPILATION_MODE = wholemodule;
				SWIFT_OPTIMIZATION_LEVEL = "-O";
				VALIDATE_PRODUCT = YES;
			};
			name = Release;
		};
		8C1E0B23246CCE2E005E5C95 /* Debug */ = {
			isa = XCBuildConfiguration;
			baseConfigurationReference = 27F16AE2A2EDEC773EFB8B63 /* Pods-CardAppearance.debug.xcconfig */;
			buildSettings = {
				ASSETCATALOG_COMPILER_APPICON_NAME = AppIcon;
				CODE_SIGN_IDENTITY = "Apple Development";
				CODE_SIGN_STYLE = Automatic;
				DEVELOPMENT_TEAM = S94ZH48WVV;
				INFOPLIST_FILE = CardAppearance/Info.plist;
				IPHONEOS_DEPLOYMENT_TARGET = 13.3;
				LD_RUNPATH_SEARCH_PATHS = (
					"$(inherited)",
					"@executable_path/Frameworks",
				);
				PRODUCT_BUNDLE_IDENTIFIER = com.omar.bassyouni.CardAppearance;
				PRODUCT_NAME = "$(TARGET_NAME)";
				PROVISIONING_PROFILE_SPECIFIER = "";
				SWIFT_VERSION = 5.0;
				TARGETED_DEVICE_FAMILY = 1;
			};
			name = Debug;
		};
		8C1E0B24246CCE2E005E5C95 /* Release */ = {
			isa = XCBuildConfiguration;
			baseConfigurationReference = 6F93F123B3FEBE3AC6C064EB /* Pods-CardAppearance.release.xcconfig */;
			buildSettings = {
				ASSETCATALOG_COMPILER_APPICON_NAME = AppIcon;
				CODE_SIGN_IDENTITY = "Apple Development";
				CODE_SIGN_STYLE = Automatic;
				DEVELOPMENT_TEAM = S94ZH48WVV;
				INFOPLIST_FILE = CardAppearance/Info.plist;
				IPHONEOS_DEPLOYMENT_TARGET = 13.3;
				LD_RUNPATH_SEARCH_PATHS = (
					"$(inherited)",
					"@executable_path/Frameworks",
				);
				PRODUCT_BUNDLE_IDENTIFIER = com.omar.bassyouni.CardAppearance;
				PRODUCT_NAME = "$(TARGET_NAME)";
				PROVISIONING_PROFILE_SPECIFIER = "";
				SWIFT_VERSION = 5.0;
				TARGETED_DEVICE_FAMILY = 1;
			};
			name = Release;
		};
		8C1E0B26246CCE2E005E5C95 /* Debug */ = {
			isa = XCBuildConfiguration;
			baseConfigurationReference = 45670D925B1232CB877C3177 /* Pods-CardAppearanceTests.debug.xcconfig */;
			buildSettings = {
				ALWAYS_EMBED_SWIFT_STANDARD_LIBRARIES = YES;
				BUNDLE_LOADER = "$(TEST_HOST)";
				CODE_SIGN_STYLE = Automatic;
				DEVELOPMENT_TEAM = S94ZH48WVV;
				INFOPLIST_FILE = CardAppearanceTests/Info.plist;
				IPHONEOS_DEPLOYMENT_TARGET = 13.4;
				LD_RUNPATH_SEARCH_PATHS = (
					"$(inherited)",
					"@executable_path/Frameworks",
					"@loader_path/Frameworks",
				);
				PRODUCT_BUNDLE_IDENTIFIER = com.bassyouni.CardAppearanceTests;
				PRODUCT_NAME = "$(TARGET_NAME)";
				SWIFT_VERSION = 5.0;
				TARGETED_DEVICE_FAMILY = "1,2";
				TEST_HOST = "$(BUILT_PRODUCTS_DIR)/CardAppearance.app/CardAppearance";
			};
			name = Debug;
		};
		8C1E0B27246CCE2E005E5C95 /* Release */ = {
			isa = XCBuildConfiguration;
			baseConfigurationReference = EA140E8AC8757143D48A2677 /* Pods-CardAppearanceTests.release.xcconfig */;
			buildSettings = {
				ALWAYS_EMBED_SWIFT_STANDARD_LIBRARIES = YES;
				BUNDLE_LOADER = "$(TEST_HOST)";
				CODE_SIGN_STYLE = Automatic;
				DEVELOPMENT_TEAM = S94ZH48WVV;
				INFOPLIST_FILE = CardAppearanceTests/Info.plist;
				IPHONEOS_DEPLOYMENT_TARGET = 13.4;
				LD_RUNPATH_SEARCH_PATHS = (
					"$(inherited)",
					"@executable_path/Frameworks",
					"@loader_path/Frameworks",
				);
				PRODUCT_BUNDLE_IDENTIFIER = com.bassyouni.CardAppearanceTests;
				PRODUCT_NAME = "$(TARGET_NAME)";
				SWIFT_VERSION = 5.0;
				TARGETED_DEVICE_FAMILY = "1,2";
				TEST_HOST = "$(BUILT_PRODUCTS_DIR)/CardAppearance.app/CardAppearance";
			};
			name = Release;
		};
/* End XCBuildConfiguration section */

/* Begin XCConfigurationList section */
		8C1E0AFE246CCE2B005E5C95 /* Build configuration list for PBXProject "CardAppearance" */ = {
			isa = XCConfigurationList;
			buildConfigurations = (
				8C1E0B20246CCE2E005E5C95 /* Debug */,
				8C1E0B21246CCE2E005E5C95 /* Release */,
			);
			defaultConfigurationIsVisible = 0;
			defaultConfigurationName = Release;
		};
		8C1E0B22246CCE2E005E5C95 /* Build configuration list for PBXNativeTarget "CardAppearance" */ = {
			isa = XCConfigurationList;
			buildConfigurations = (
				8C1E0B23246CCE2E005E5C95 /* Debug */,
				8C1E0B24246CCE2E005E5C95 /* Release */,
			);
			defaultConfigurationIsVisible = 0;
			defaultConfigurationName = Release;
		};
		8C1E0B25246CCE2E005E5C95 /* Build configuration list for PBXNativeTarget "CardAppearanceTests" */ = {
			isa = XCConfigurationList;
			buildConfigurations = (
				8C1E0B26246CCE2E005E5C95 /* Debug */,
				8C1E0B27246CCE2E005E5C95 /* Release */,
			);
			defaultConfigurationIsVisible = 0;
			defaultConfigurationName = Release;
		};
/* End XCConfigurationList section */
	};
	rootObject = 8C1E0AFB246CCE2B005E5C95 /* Project object */;
}
